
Microsoft Visual Studio Solution File, Format Version 12.00
# Visual Studio Version 16
VisualStudioVersion = 16.0.31829.152
MinimumVisualStudioVersion = 10.0.40219.1
Project("{FAE04EC0-301F-11D3-BF4B-00C04F79EFBC}") = "ConsoleApp1", "ConsoleApp1\ConsoleApp1.csproj", "{DC449C3F-F86A-4544-BA62-4E6B3A816E3D}"
EndProject
Global
	GlobalSection(SolutionConfigurationPlatforms) = preSolution
		Debug|Any CPU = Debug|Any CPU
		Release|Any CPU = Release|Any CPU
	EndGlobalSection
	GlobalSection(ProjectConfigurationPlatforms) = postSolution
		{DC449C3F-F86A-4544-BA62-4E6B3A816E3D}.Debug|Any CPU.ActiveCfg = Debug|Any CPU
		{DC449C3F-F86A-4544-BA62-4E6B3A816E3D}.Debug|Any CPU.Build.0 = Debug|Any CPU
		{DC449C3F-F86A-4544-BA62-4E6B3A816E3D}.Release|Any CPU.ActiveCfg = Release|Any CPU
		{DC449C3F-F86A-4544-BA62-4E6B3A816E3D}.Release|Any CPU.Build.0 = Release|Any CPU
	EndGlobalSection
	GlobalSection(SolutionProperties) = preSolution
		HideSolutionNode = FALSE
	EndGlobalSection
	GlobalSection(ExtensibilityGlobals) = postSolution
		SolutionGuid = {3BF4D02A-BCFB-49C2-B061-DE8B3957952F}
	EndGlobalSection
EndGlobal
